<?xml version="1.0" encoding="utf-8"?>
<Project ToolsVersion="4.0" xmlns="http://schemas.microsoft.com/developer/msbuild/2003">
  <ItemGroup>
    <Filter Include="res">
      <UniqueIdentifier>{bcf72b63-b200-4044-ae79-b8d02dcdb30c}</UniqueIdentifier>
    </Filter>
    <Filter Include="Source">
      <UniqueIdentifier>{a8d9f9f0-6dea-4a0b-ad41-d2772742669a}</UniqueIdentifier>
    </Filter>
    <Filter Include="Source\Graphics">
      <UniqueIdentifier>{29e4c78a-07ae-4299-bc3e-3f9a2b5a7eec}</UniqueIdentifier>
    </Filter>
    <Filter Include="Source\Services">
      <UniqueIdentifier>{23728cc7-3662-4928-a345-e5c679c1e533}</UniqueIdentifier>
    </Filter>
    <Filter Include="Source\Utils">
      <UniqueIdentifier>{d1329362-ed05-452c-a762-fe444b8e674a}</UniqueIdentifier>
    </Filter>
    <Filter Include="Include">
      <UniqueIdentifier>{47bb10d4-ae53-4a65-9c07-fb5b3caa5996}</UniqueIdentifier>
    </Filter>
    <Filter Include="Include\Graphics">
      <UniqueIdentifier>{64cd5734-79c8-4341-990f-7686c0713755}</UniqueIdentifier>
    </Filter>
    <Filter Include="Include\Services">
      <UniqueIdentifier>{196600a6-cfb8-456c-86fa-ef4f7af42589}</UniqueIdentifier>
    </Filter>
    <Filter Include="Include\Utils">
      <UniqueIdentifier>{864f6cbf-d0ac-4c2b-a03d-682f51e16117}</UniqueIdentifier>
    </Filter>
  </ItemGroup>
  <ItemGroup>
    <ClCompile Include="Main.cpp">
      <Filter>Source</Filter>
    </ClCompile>
    <ClCompile Include="RenderDevice.cpp">
      <Filter>Source\Graphics</Filter>
    </ClCompile>
    <ClCompile Include="GLDevice.cpp">
      <Filter>Source\Graphics</Filter>
    </ClCompile>
    <ClCompile Include="ConfigParser.cpp">
      <Filter>Source\Services</Filter>
    </ClCompile>
    <ClCompile Include="LogSystem.cpp">
      <Filter>Source\Services</Filter>
    </ClCompile>
    <ClCompile Include="StringUtils.cpp">
      <Filter>Source\Utils</Filter>
    </ClCompile>
    <ClCompile Include="Mesh.cpp">
      <Filter>Source\Graphics</Filter>
    </ClCompile>
    <ClCompile Include="Engine.cpp">
      <Filter>Source</Filter>
    </ClCompile>
    <ClCompile Include="Camera.cpp">
      <Filter>Source\Graphics</Filter>
    </ClCompile>
    <ClCompile Include="Shader.cpp">
      <Filter>Source\Graphics</Filter>
    </ClCompile>
    <ClCompile Include="Texture.cpp">
      <Filter>Source\Graphics</Filter>
    </ClCompile>
    <ClCompile Include="Light.cpp">
      <Filter>Source\Graphics</Filter>
    </ClCompile>
    <ClCompile Include="Scene.cpp">
      <Filter>Source\Graphics</Filter>
    </ClCompile>
    <ClCompile Include="Model.cpp">
      <Filter>Source\Graphics</Filter>
    </ClCompile>
  </ItemGroup>
  <ItemGroup>
    <ClInclude Include="Engine.h">
      <Filter>Include</Filter>
    </ClInclude>
    <ClInclude Include="RenderDevice.h">
      <Filter>Include\Graphics</Filter>
    </ClInclude>
    <ClInclude Include="GLDevice.h">
      <Filter>Include\Graphics</Filter>
    </ClInclude>
    <ClInclude Include="LogSystem.h">
      <Filter>Include\Services</Filter>
    </ClInclude>
    <ClInclude Include="ConfigParser.h">
      <Filter>Include\Services</Filter>
    </ClInclude>
    <ClInclude Include="ConfigOptions.h">
      <Filter>Include\Services</Filter>
    </ClInclude>
    <ClInclude Include="StringUtils.h">
      <Filter>Include\Utils</Filter>
    </ClInclude>
    <ClInclude Include="Mesh.h">
      <Filter>Include\Graphics</Filter>
    </ClInclude>
    <ClInclude Include="Common.h">
      <Filter>Include\Utils</Filter>
    </ClInclude>
    <ClInclude Include="Camera.h">
      <Filter>Include\Graphics</Filter>
    </ClInclude>
    <ClInclude Include="Shader.h">
      <Filter>Include\Graphics</Filter>
    </ClInclude>
    <ClInclude Include="ShaderDict.h">
      <Filter>Include\Graphics</Filter>
    </ClInclude>
    <ClInclude Include="Scene.h">
      <Filter>Include\Graphics</Filter>
    </ClInclude>
    <ClInclude Include="Texture.h">
      <Filter>Include\Graphics</Filter>
    </ClInclude>
    <ClInclude Include="Light.h">
      <Filter>Include\Graphics</Filter>
    </ClInclude>
    <ClInclude Include="Model.h">
      <Filter>Include\Graphics</Filter>
    </ClInclude>
  </ItemGroup>
  <ItemGroup>
    <None Include="shader.frag">
      <Filter>res</Filter>
    </None>
    <None Include="shader.vert">
      <Filter>res</Filter>
    </None>
  </ItemGroup>
</Project>